
Microsoft Visual Studio Solution File, Format Version 12.00
# Visual Studio Version 17
VisualStudioVersion = 17.0.32112.339
MinimumVisualStudioVersion = 10.0.40219.1
Project("{FAE04EC0-301F-11D3-BF4B-00C04F79EFBC}") = "Sitecore.Headless.SEOExtension", "Sitecore.Headless.SEOExtension.csproj", "{9F34075F-4BFC-4EC0-A258-71B90D22B4F6}"
EndProject
Project("{FAE04EC0-301F-11D3-BF4B-00C04F79EFBC}") = "Sitecore.Headless.SEO.Extention", "..\Sitecore.Headless.SEO.Extention\Sitecore.Headless.SEO.Extention.csproj", "{9392D106-6F43-4E55-B914-0185ACB77BAD}"
EndProject
Global
	GlobalSection(SolutionConfigurationPlatforms) = preSolution
		Debug|Any CPU = Debug|Any CPU
		Release|Any CPU = Release|Any CPU
	EndGlobalSection
	GlobalSection(ProjectConfigurationPlatforms) = postSolution
		{9F34075F-4BFC-4EC0-A258-71B90D22B4F6}.Debug|Any CPU.ActiveCfg = Debug|Any CPU
		{9F34075F-4BFC-4EC0-A258-71B90D22B4F6}.Debug|Any CPU.Build.0 = Debug|Any CPU
		{9F34075F-4BFC-4EC0-A258-71B90D22B4F6}.Release|Any CPU.ActiveCfg = Release|Any CPU
		{9F34075F-4BFC-4EC0-A258-71B90D22B4F6}.Release|Any CPU.Build.0 = Release|Any CPU
		{9392D106-6F43-4E55-B914-0185ACB77BAD}.Debug|Any CPU.ActiveCfg = Debug|Any CPU
		{9392D106-6F43-4E55-B914-0185ACB77BAD}.Debug|Any CPU.Build.0 = Debug|Any CPU
		{9392D106-6F43-4E55-B914-0185ACB77BAD}.Release|Any CPU.ActiveCfg = Release|Any CPU
		{9392D106-6F43-4E55-B914-0185ACB77BAD}.Release|Any CPU.Build.0 = Release|Any CPU
	EndGlobalSection
	GlobalSection(SolutionProperties) = preSolution
		HideSolutionNode = FALSE
	EndGlobalSection
	GlobalSection(ExtensibilityGlobals) = postSolution
		EnterpriseLibraryConfigurationToolBinariesPathV6 = packages\EnterpriseLibrary.Common.6.0.1304.0\lib\NET45;packages\EnterpriseLibrary.TransientFaultHandling.6.0.1304.0\lib\portable-net45+win+wp8;packages\EnterpriseLibrary.TransientFaultHandling.Caching.6.0.1304.0\lib\NET45;packages\EnterpriseLibrary.TransientFaultHandling.Data.6.0.1304.1\lib\NET45;packages\EnterpriseLibrary.TransientFaultHandling.ServiceBus.6.0.1304.0\lib\NET45;packages\EnterpriseLibrary.TransientFaultHandling.WindowsAzure.Storage.6.0.1304.0\lib\NET45;packages\EnterpriseLibrary.TransientFaultHandling.Configuration.6.0.1304.0\lib\NET45
		SolutionGuid = {98F5A169-143E-45BA-B028-5DE549E9949C}
	EndGlobalSection
EndGlobal
